
Microsoft Visual Studio Solution File, Format Version 12.00
# Visual Studio Version 16
VisualStudioVersion = 16.0.29924.181
MinimumVisualStudioVersion = 10.0.40219.1
Project("{FAE04EC0-301F-11D3-BF4B-00C04F79EFBC}") = "LiveKritzel.Server", "LiveKritzel.Server\LiveKritzel.Server.csproj", "{171526E7-1559-4D79-AE80-275297D56A55}"
EndProject
Global
	GlobalSection(SolutionConfigurationPlatforms) = preSolution
		Debug|Any CPU = Debug|Any CPU
		Release|Any CPU = Release|Any CPU
	EndGlobalSection
	GlobalSection(ProjectConfigurationPlatforms) = postSolution
		{171526E7-1559-4D79-AE80-275297D56A55}.Debug|Any CPU.ActiveCfg = Debug|Any CPU
		{171526E7-1559-4D79-AE80-275297D56A55}.Debug|Any CPU.Build.0 = Debug|Any CPU
		{171526E7-1559-4D79-AE80-275297D56A55}.Release|Any CPU.ActiveCfg = Release|Any CPU
		{171526E7-1559-4D79-AE80-275297D56A55}.Release|Any CPU.Build.0 = Release|Any CPU
	EndGlobalSection
	GlobalSection(SolutionProperties) = preSolution
		HideSolutionNode = FALSE
	EndGlobalSection
	GlobalSection(ExtensibilityGlobals) = postSolution
		SolutionGuid = {CF18442C-4552-4B5E-AA0C-777A715E136E}
	EndGlobalSection
EndGlobal
